
Microsoft Visual Studio Solution File, Format Version 12.00
# Visual Studio Version 17
VisualStudioVersion = 17.9.34607.119
MinimumVisualStudioVersion = 10.0.40219.1
Project("{9A19103F-16F7-4668-BE54-9A1E7A4F7556}") = "Coffee_Shop_Managment", "Coffee_Shop_Managment.csproj", "{17032898-FFC2-4A77-B75C-B1837D02BC9A}"
EndProject
Global
	GlobalSection(SolutionConfigurationPlatforms) = preSolution
		Debug|Any CPU = Debug|Any CPU
		Release|Any CPU = Release|Any CPU
	EndGlobalSection
	GlobalSection(ProjectConfigurationPlatforms) = postSolution
		{17032898-FFC2-4A77-B75C-B1837D02BC9A}.Debug|Any CPU.ActiveCfg = Debug|Any CPU
		{17032898-FFC2-4A77-B75C-B1837D02BC9A}.Debug|Any CPU.Build.0 = Debug|Any CPU
		{17032898-FFC2-4A77-B75C-B1837D02BC9A}.Release|Any CPU.ActiveCfg = Release|Any CPU
		{17032898-FFC2-4A77-B75C-B1837D02BC9A}.Release|Any CPU.Build.0 = Release|Any CPU
	EndGlobalSection
	GlobalSection(SolutionProperties) = preSolution
		HideSolutionNode = FALSE
	EndGlobalSection
	GlobalSection(ExtensibilityGlobals) = postSolution
		SolutionGuid = {162AF482-908D-4817-9B56-6A3F254118C5}
	EndGlobalSection
EndGlobal
